{
  "nodes": {
    "handy-src": {
      "flake": false,
      "locked": {
        "lastModified": 1769541499,
        "narHash": "sha256-iyOU+h4ZgBPO7RDz2NENWmPYOSRaVGHvPRXy5ejTCEI=",
        "owner": "SoumyaRanjanPatnaik",
        "repo": "Handy",
        "rev": "ac7f2b360c8c5c5085a2204d98981aaf50494f1a",
        "type": "github"
      },
      "original": {
        "owner": "SoumyaRanjanPatnaik",
        "repo": "Handy",
        "rev": "ac7f2b360c8c5c5085a2204d98981aaf50494f1a",
        "type": "github"
      }
    },
    "nixpkgs": {
      "locked": {
        "lastModified": 1769740369,
        "narHash": "sha256-xKPyJoMoXfXpDM5DFDZDsi9PHArf2k5BJjvReYXoFpM=",
        "owner": "NixOS",
        "repo": "nixpkgs",
        "rev": "6308c3b21396534d8aaeac46179c14c439a89b8a",
        "type": "github"
      },
      "original": {
        "owner": "NixOS",
        "ref": "nixpkgs-unstable",
        "repo": "nixpkgs",
        "type": "github"
      }
    },
    "root": {
      "inputs": {
        "handy-src": "handy-src",
        "nixpkgs": "nixpkgs",
        "rust-overlay": "rust-overlay"
      }
    },
    "rust-overlay": {
      "inputs": {
        "nixpkgs": [
          "nixpkgs"
        ]
      },
      "locked": {
        "lastModified": 1769742225,
        "narHash": "sha256-roSD/OJ3x9nF+Dxr+/bLClX3U8FP9EkCQIFpzxKjSUM=",
        "owner": "oxalica",
        "repo": "rust-overlay",
        "rev": "bcdd8d37594f0e201639f55889c01c827baf5c75",
        "type": "github"
      },
      "original": {
        "owner": "oxalica",
        "repo": "rust-overlay",
        "type": "github"
      }
    }
  },
  "root": "root",
  "version": 7
}
